// !$*UTF8*$!
{
	archiveVersion = 1;
	classes = {
	};
	objectVersion = 55;
	objects = {

/* Begin PBXBuildFile section */
		433544CA27ACC7BE001BC56D /* marketaApp.swift in Sources */ = {isa = PBXBuildFile; fileRef = 433544C927ACC7BE001BC56D /* marketaApp.swift */; };
		433544CC27ACC7BE001BC56D /* ContentView.swift in Sources */ = {isa = PBXBuildFile; fileRef = 433544CB27ACC7BE001BC56D /* ContentView.swift */; };
		433544CE27ACC7C0001BC56D /* Assets.xcassets in Resources */ = {isa = PBXBuildFile; fileRef = 433544CD27ACC7C0001BC56D /* Assets.xcassets */; };
		433544D127ACC7C0001BC56D /* Preview Assets.xcassets in Resources */ = {isa = PBXBuildFile; fileRef = 433544D027ACC7C0001BC56D /* Preview Assets.xcassets */; };
		433544D327ACC7C0001BC56D /* Persistence.swift in Sources */ = {isa = PBXBuildFile; fileRef = 433544D227ACC7C0001BC56D /* Persistence.swift */; };
		433544D627ACC7C0001BC56D /* marketa.xcdatamodeld in Sources */ = {isa = PBXBuildFile; fileRef = 433544D427ACC7C0001BC56D /* marketa.xcdatamodeld */; };
		433544E027ACC7C0001BC56D /* marketaTests.swift in Sources */ = {isa = PBXBuildFile; fileRef = 433544DF27ACC7C0001BC56D /* marketaTests.swift */; };
		433544EA27ACC7C0001BC56D /* marketaUITests.swift in Sources */ = {isa = PBXBuildFile; fileRef = 433544E927ACC7C0001BC56D /* marketaUITests.swift */; };
		433544EC27ACC7C0001BC56D /* marketaUITestsLaunchTests.swift in Sources */ = {isa = PBXBuildFile; fileRef = 433544EB27ACC7C0001BC56D /* marketaUITestsLaunchTests.swift */; };
		4335450E27ACCA6D001BC56D /* AssetCollectionView.swift in Sources */ = {isa = PBXBuildFile; fileRef = 4335450D27ACCA6D001BC56D /* AssetCollectionView.swift */; };
		4335451027AD0EF2001BC56D /* AssetCollectionDetailView.swift in Sources */ = {isa = PBXBuildFile; fileRef = 4335450F27AD0EF2001BC56D /* AssetCollectionDetailView.swift */; };
		4335451327AD10B6001BC56D /* Font+Extensions.swift in Sources */ = {isa = PBXBuildFile; fileRef = 4335451227AD10B6001BC56D /* Font+Extensions.swift */; };
		4335451527ADB65C001BC56D /* AssetDetailView.swift in Sources */ = {isa = PBXBuildFile; fileRef = 4335451427ADB65B001BC56D /* AssetDetailView.swift */; };
		4335451D27ADD3F9001BC56D /* UIImage+Extensions.swift in Sources */ = {isa = PBXBuildFile; fileRef = 4335451C27ADD3F9001BC56D /* UIImage+Extensions.swift */; };
		4335451F27B237B7001BC56D /* DropdownView.swift in Sources */ = {isa = PBXBuildFile; fileRef = 4335451E27B237B7001BC56D /* DropdownView.swift */; };
		4381D12827C8376B00BCA50F /* Helpers.swift in Sources */ = {isa = PBXBuildFile; fileRef = 4381D12727C8376B00BCA50F /* Helpers.swift */; };
		438FF00C27C0277D003352F5 /* Models.swift in Sources */ = {isa = PBXBuildFile; fileRef = 438FF00B27C0277C003352F5 /* Models.swift */; };
		438FF00F27C02B14003352F5 /* OpenSeaAssetsWebRepository.swift in Sources */ = {isa = PBXBuildFile; fileRef = 438FF00E27C02B14003352F5 /* OpenSeaAssetsWebRepository.swift */; };
		438FF01127C02B66003352F5 /* WebRepository.swift in Sources */ = {isa = PBXBuildFile; fileRef = 438FF01027C02B66003352F5 /* WebRepository.swift */; };
		438FF01327C02BD6003352F5 /* APICall.swift in Sources */ = {isa = PBXBuildFile; fileRef = 438FF01227C02BD6003352F5 /* APICall.swift */; };
		438FF01527C02DC9003352F5 /* NetworkingHelpers.swift in Sources */ = {isa = PBXBuildFile; fileRef = 438FF01427C02DC9003352F5 /* NetworkingHelpers.swift */; };
		438FF01727C40C4F003352F5 /* Loadable.swift in Sources */ = {isa = PBXBuildFile; fileRef = 438FF01627C40C4F003352F5 /* Loadable.swift */; };
		438FF01927C40CDA003352F5 /* CancelBag.swift in Sources */ = {isa = PBXBuildFile; fileRef = 438FF01827C40CDA003352F5 /* CancelBag.swift */; };
		438FF01B27C40CF2003352F5 /* Store.swift in Sources */ = {isa = PBXBuildFile; fileRef = 438FF01A27C40CF2003352F5 /* Store.swift */; };
		438FF01D27C40D44003352F5 /* LazyList.swift in Sources */ = {isa = PBXBuildFile; fileRef = 438FF01C27C40D44003352F5 /* LazyList.swift */; };
		438FF02027C4138F003352F5 /* OpenSeaAssetsInteractor.swift in Sources */ = {isa = PBXBuildFile; fileRef = 438FF01F27C4138F003352F5 /* OpenSeaAssetsInteractor.swift */; };
		438FF02227C41503003352F5 /* OpenSeaAssetsDBRepository.swift in Sources */ = {isa = PBXBuildFile; fileRef = 438FF02127C41503003352F5 /* OpenSeaAssetsDBRepository.swift */; };
		438FF02527C4159A003352F5 /* CoreDataHelpers.swift in Sources */ = {isa = PBXBuildFile; fileRef = 438FF02427C4159A003352F5 /* CoreDataHelpers.swift */; };
		438FF02727C415BB003352F5 /* CoreDataStack.swift in Sources */ = {isa = PBXBuildFile; fileRef = 438FF02627C415BB003352F5 /* CoreDataStack.swift */; };
		438FF02A27C418DF003352F5 /* db_model_v1.xcdatamodeld in Sources */ = {isa = PBXBuildFile; fileRef = 438FF02827C418DF003352F5 /* db_model_v1.xcdatamodeld */; };
		438FF02C27C43228003352F5 /* Models+CoreData.swift in Sources */ = {isa = PBXBuildFile; fileRef = 438FF02B27C43228003352F5 /* Models+CoreData.swift */; };
/* End PBXBuildFile section */

/* Begin PBXContainerItemProxy section */
		433544DC27ACC7C0001BC56D /* PBXContainerItemProxy */ = {
			isa = PBXContainerItemProxy;
			containerPortal = 433544BE27ACC7BE001BC56D /* Project object */;
			proxyType = 1;
			remoteGlobalIDString = 433544C527ACC7BE001BC56D;
			remoteInfo = marketa;
		};
		433544E627ACC7C0001BC56D /* PBXContainerItemProxy */ = {
			isa = PBXContainerItemProxy;
			containerPortal = 433544BE27ACC7BE001BC56D /* Project object */;
			proxyType = 1;
			remoteGlobalIDString = 433544C527ACC7BE001BC56D;
			remoteInfo = marketa;
		};
/* End PBXContainerItemProxy section */

/* Begin PBXFileReference section */
		433544C627ACC7BE001BC56D /* marketa.app */ = {isa = PBXFileReference; explicitFileType = wrapper.application; includeInIndex = 0; path = marketa.app; sourceTree = BUILT_PRODUCTS_DIR; };
		433544C927ACC7BE001BC56D /* marketaApp.swift */ = {isa = PBXFileReference; lastKnownFileType = sourcecode.swift; path = marketaApp.swift; sourceTree = "<group>"; };
		433544CB27ACC7BE001BC56D /* ContentView.swift */ = {isa = PBXFileReference; lastKnownFileType = sourcecode.swift; path = ContentView.swift; sourceTree = "<group>"; };
		433544CD27ACC7C0001BC56D /* Assets.xcassets */ = {isa = PBXFileReference; lastKnownFileType = folder.assetcatalog; path = Assets.xcassets; sourceTree = "<group>"; };
		433544D027ACC7C0001BC56D /* Preview Assets.xcassets */ = {isa = PBXFileReference; lastKnownFileType = folder.assetcatalog; path = "Preview Assets.xcassets"; sourceTree = "<group>"; };
		433544D227ACC7C0001BC56D /* Persistence.swift */ = {isa = PBXFileReference; lastKnownFileType = sourcecode.swift; path = Persistence.swift; sourceTree = "<group>"; };
		433544D527ACC7C0001BC56D /* marketa.xcdatamodel */ = {isa = PBXFileReference; lastKnownFileType = wrapper.xcdatamodel; path = marketa.xcdatamodel; sourceTree = "<group>"; };
		433544DB27ACC7C0001BC56D /* marketaTests.xctest */ = {isa = PBXFileReference; explicitFileType = wrapper.cfbundle; includeInIndex = 0; path = marketaTests.xctest; sourceTree = BUILT_PRODUCTS_DIR; };
		433544DF27ACC7C0001BC56D /* marketaTests.swift */ = {isa = PBXFileReference; lastKnownFileType = sourcecode.swift; path = marketaTests.swift; sourceTree = "<group>"; };
		433544E527ACC7C0001BC56D /* marketaUITests.xctest */ = {isa = PBXFileReference; explicitFileType = wrapper.cfbundle; includeInIndex = 0; path = marketaUITests.xctest; sourceTree = BUILT_PRODUCTS_DIR; };
		433544E927ACC7C0001BC56D /* marketaUITests.swift */ = {isa = PBXFileReference; lastKnownFileType = sourcecode.swift; path = marketaUITests.swift; sourceTree = "<group>"; };
		433544EB27ACC7C0001BC56D /* marketaUITestsLaunchTests.swift */ = {isa = PBXFileReference; lastKnownFileType = sourcecode.swift; path = marketaUITestsLaunchTests.swift; sourceTree = "<group>"; };
		4335450D27ACCA6D001BC56D /* AssetCollectionView.swift */ = {isa = PBXFileReference; lastKnownFileType = sourcecode.swift; path = AssetCollectionView.swift; sourceTree = "<group>"; };
		4335450F27AD0EF2001BC56D /* AssetCollectionDetailView.swift */ = {isa = PBXFileReference; lastKnownFileType = sourcecode.swift; path = AssetCollectionDetailView.swift; sourceTree = "<group>"; };
		4335451227AD10B6001BC56D /* Font+Extensions.swift */ = {isa = PBXFileReference; lastKnownFileType = sourcecode.swift; path = "Font+Extensions.swift"; sourceTree = "<group>"; };
		4335451427ADB65B001BC56D /* AssetDetailView.swift */ = {isa = PBXFileReference; lastKnownFileType = sourcecode.swift; path = AssetDetailView.swift; sourceTree = "<group>"; };
		4335451C27ADD3F9001BC56D /* UIImage+Extensions.swift */ = {isa = PBXFileReference; lastKnownFileType = sourcecode.swift; path = "UIImage+Extensions.swift"; sourceTree = "<group>"; };
		4335451E27B237B7001BC56D /* DropdownView.swift */ = {isa = PBXFileReference; lastKnownFileType = sourcecode.swift; path = DropdownView.swift; sourceTree = "<group>"; };
		4381D12727C8376B00BCA50F /* Helpers.swift */ = {isa = PBXFileReference; lastKnownFileType = sourcecode.swift; path = Helpers.swift; sourceTree = "<group>"; };
		438FF00B27C0277C003352F5 /* Models.swift */ = {isa = PBXFileReference; lastKnownFileType = sourcecode.swift; path = Models.swift; sourceTree = "<group>"; };
		438FF00E27C02B14003352F5 /* OpenSeaAssetsWebRepository.swift */ = {isa = PBXFileReference; lastKnownFileType = sourcecode.swift; path = OpenSeaAssetsWebRepository.swift; sourceTree = "<group>"; };
		438FF01027C02B66003352F5 /* WebRepository.swift */ = {isa = PBXFileReference; lastKnownFileType = sourcecode.swift; path = WebRepository.swift; sourceTree = "<group>"; };
		438FF01227C02BD6003352F5 /* APICall.swift */ = {isa = PBXFileReference; lastKnownFileType = sourcecode.swift; path = APICall.swift; sourceTree = "<group>"; };
		438FF01427C02DC9003352F5 /* NetworkingHelpers.swift */ = {isa = PBXFileReference; lastKnownFileType = sourcecode.swift; path = NetworkingHelpers.swift; sourceTree = "<group>"; };
		438FF01627C40C4F003352F5 /* Loadable.swift */ = {isa = PBXFileReference; lastKnownFileType = sourcecode.swift; path = Loadable.swift; sourceTree = "<group>"; };
		438FF01827C40CDA003352F5 /* CancelBag.swift */ = {isa = PBXFileReference; lastKnownFileType = sourcecode.swift; path = CancelBag.swift; sourceTree = "<group>"; };
		438FF01A27C40CF2003352F5 /* Store.swift */ = {isa = PBXFileReference; lastKnownFileType = sourcecode.swift; path = Store.swift; sourceTree = "<group>"; };
		438FF01C27C40D44003352F5 /* LazyList.swift */ = {isa = PBXFileReference; lastKnownFileType = sourcecode.swift; path = LazyList.swift; sourceTree = "<group>"; };
		438FF01F27C4138F003352F5 /* OpenSeaAssetsInteractor.swift */ = {isa = PBXFileReference; lastKnownFileType = sourcecode.swift; path = OpenSeaAssetsInteractor.swift; sourceTree = "<group>"; };
		438FF02127C41503003352F5 /* OpenSeaAssetsDBRepository.swift */ = {isa = PBXFileReference; lastKnownFileType = sourcecode.swift; path = OpenSeaAssetsDBRepository.swift; sourceTree = "<group>"; };
		438FF02427C4159A003352F5 /* CoreDataHelpers.swift */ = {isa = PBXFileReference; lastKnownFileType = sourcecode.swift; path = CoreDataHelpers.swift; sourceTree = "<group>"; };
		438FF02627C415BB003352F5 /* CoreDataStack.swift */ = {isa = PBXFileReference; lastKnownFileType = sourcecode.swift; path = CoreDataStack.swift; sourceTree = "<group>"; };
		438FF02927C418DF003352F5 /* db_model_v1.xcdatamodel */ = {isa = PBXFileReference; lastKnownFileType = wrapper.xcdatamodel; path = db_model_v1.xcdatamodel; sourceTree = "<group>"; };
		438FF02B27C43228003352F5 /* Models+CoreData.swift */ = {isa = PBXFileReference; lastKnownFileType = sourcecode.swift; path = "Models+CoreData.swift"; sourceTree = "<group>"; };
/* End PBXFileReference section */

/* Begin PBXFrameworksBuildPhase section */
		433544C327ACC7BE001BC56D /* Frameworks */ = {
			isa = PBXFrameworksBuildPhase;
			buildActionMask = 2147483647;
			files = (
			);
			runOnlyForDeploymentPostprocessing = 0;
		};
		433544D827ACC7C0001BC56D /* Frameworks */ = {
			isa = PBXFrameworksBuildPhase;
			buildActionMask = 2147483647;
			files = (
			);
			runOnlyForDeploymentPostprocessing = 0;
		};
		433544E227ACC7C0001BC56D /* Frameworks */ = {
			isa = PBXFrameworksBuildPhase;
			buildActionMask = 2147483647;
			files = (
			);
			runOnlyForDeploymentPostprocessing = 0;
		};
/* End PBXFrameworksBuildPhase section */

/* Begin PBXGroup section */
		433544BD27ACC7BE001BC56D = {
			isa = PBXGroup;
			children = (
				433544C827ACC7BE001BC56D /* marketa */,
				433544DE27ACC7C0001BC56D /* marketaTests */,
				433544E827ACC7C0001BC56D /* marketaUITests */,
				433544C727ACC7BE001BC56D /* Products */,
			);
			sourceTree = "<group>";
		};
		433544C727ACC7BE001BC56D /* Products */ = {
			isa = PBXGroup;
			children = (
				433544C627ACC7BE001BC56D /* marketa.app */,
				433544DB27ACC7C0001BC56D /* marketaTests.xctest */,
				433544E527ACC7C0001BC56D /* marketaUITests.xctest */,
			);
			name = Products;
			sourceTree = "<group>";
		};
		433544C827ACC7BE001BC56D /* marketa */ = {
			isa = PBXGroup;
			children = (
				433544F827ACC87F001BC56D /* src */,
				433544C927ACC7BE001BC56D /* marketaApp.swift */,
				433544CB27ACC7BE001BC56D /* ContentView.swift */,
				433544CD27ACC7C0001BC56D /* Assets.xcassets */,
				433544D227ACC7C0001BC56D /* Persistence.swift */,
				433544D427ACC7C0001BC56D /* marketa.xcdatamodeld */,
				433544CF27ACC7C0001BC56D /* Preview Content */,
			);
			path = marketa;
			sourceTree = "<group>";
		};
		433544CF27ACC7C0001BC56D /* Preview Content */ = {
			isa = PBXGroup;
			children = (
				433544D027ACC7C0001BC56D /* Preview Assets.xcassets */,
			);
			path = "Preview Content";
			sourceTree = "<group>";
		};
		433544DE27ACC7C0001BC56D /* marketaTests */ = {
			isa = PBXGroup;
			children = (
				433544DF27ACC7C0001BC56D /* marketaTests.swift */,
			);
			path = marketaTests;
			sourceTree = "<group>";
		};
		433544E827ACC7C0001BC56D /* marketaUITests */ = {
			isa = PBXGroup;
			children = (
				433544E927ACC7C0001BC56D /* marketaUITests.swift */,
				433544EB27ACC7C0001BC56D /* marketaUITestsLaunchTests.swift */,
			);
			path = marketaUITests;
			sourceTree = "<group>";
		};
		433544F827ACC87F001BC56D /* src */ = {
			isa = PBXGroup;
			children = (
				438FF02327C41589003352F5 /* Persistence */,
				438FF01E27C4136C003352F5 /* Interactors */,
				438FF00D27C02AF5003352F5 /* Repositories */,
				438FF00A27C0276E003352F5 /* Models */,
				4335451127AD10A5001BC56D /* extensions */,
				4335450C27ACCA3D001BC56D /* views */,
				4335450927ACC9D9001BC56D /* Utilities */,
			);
			path = src;
			sourceTree = "<group>";
		};
		4335450927ACC9D9001BC56D /* Utilities */ = {
			isa = PBXGroup;
			children = (
				438FF01027C02B66003352F5 /* WebRepository.swift */,
				438FF01227C02BD6003352F5 /* APICall.swift */,
				438FF01427C02DC9003352F5 /* NetworkingHelpers.swift */,
				438FF01627C40C4F003352F5 /* Loadable.swift */,
				438FF01827C40CDA003352F5 /* CancelBag.swift */,
				438FF01A27C40CF2003352F5 /* Store.swift */,
				438FF01C27C40D44003352F5 /* LazyList.swift */,
				4381D12727C8376B00BCA50F /* Helpers.swift */,
			);
			path = Utilities;
			sourceTree = "<group>";
		};
		4335450C27ACCA3D001BC56D /* views */ = {
			isa = PBXGroup;
			children = (
				4335450D27ACCA6D001BC56D /* AssetCollectionView.swift */,
				4335450F27AD0EF2001BC56D /* AssetCollectionDetailView.swift */,
				4335451427ADB65B001BC56D /* AssetDetailView.swift */,
				4335451E27B237B7001BC56D /* DropdownView.swift */,
			);
			path = views;
			sourceTree = "<group>";
		};
		4335451127AD10A5001BC56D /* extensions */ = {
			isa = PBXGroup;
			children = (
				4335451227AD10B6001BC56D /* Font+Extensions.swift */,
				4335451C27ADD3F9001BC56D /* UIImage+Extensions.swift */,
			);
			path = extensions;
			sourceTree = "<group>";
		};
		438FF00A27C0276E003352F5 /* Models */ = {
			isa = PBXGroup;
			children = (
				438FF00B27C0277C003352F5 /* Models.swift */,
				438FF02B27C43228003352F5 /* Models+CoreData.swift */,
			);
			path = Models;
			sourceTree = "<group>";
		};
		438FF00D27C02AF5003352F5 /* Repositories */ = {
			isa = PBXGroup;
			children = (
				438FF00E27C02B14003352F5 /* OpenSeaAssetsWebRepository.swift */,
				438FF02127C41503003352F5 /* OpenSeaAssetsDBRepository.swift */,
			);
			path = Repositories;
			sourceTree = "<group>";
		};
		438FF01E27C4136C003352F5 /* Interactors */ = {
			isa = PBXGroup;
			children = (
				438FF01F27C4138F003352F5 /* OpenSeaAssetsInteractor.swift */,
			);
			path = Interactors;
			sourceTree = "<group>";
		};
		438FF02327C41589003352F5 /* Persistence */ = {
			isa = PBXGroup;
			children = (
				438FF02427C4159A003352F5 /* CoreDataHelpers.swift */,
				438FF02627C415BB003352F5 /* CoreDataStack.swift */,
				438FF02827C418DF003352F5 /* db_model_v1.xcdatamodeld */,
			);
			path = Persistence;
			sourceTree = "<group>";
		};
/* End PBXGroup section */

/* Begin PBXNativeTarget section */
		433544C527ACC7BE001BC56D /* marketa */ = {
			isa = PBXNativeTarget;
			buildConfigurationList = 433544EF27ACC7C0001BC56D /* Build configuration list for PBXNativeTarget "marketa" */;
			buildPhases = (
				433544C227ACC7BE001BC56D /* Sources */,
				433544C327ACC7BE001BC56D /* Frameworks */,
				433544C427ACC7BE001BC56D /* Resources */,
			);
			buildRules = (
			);
			dependencies = (
			);
			name = marketa;
			productName = marketa;
			productReference = 433544C627ACC7BE001BC56D /* marketa.app */;
			productType = "com.apple.product-type.application";
		};
		433544DA27ACC7C0001BC56D /* marketaTests */ = {
			isa = PBXNativeTarget;
			buildConfigurationList = 433544F227ACC7C0001BC56D /* Build configuration list for PBXNativeTarget "marketaTests" */;
			buildPhases = (
				433544D727ACC7C0001BC56D /* Sources */,
				433544D827ACC7C0001BC56D /* Frameworks */,
				433544D927ACC7C0001BC56D /* Resources */,
			);
			buildRules = (
			);
			dependencies = (
				433544DD27ACC7C0001BC56D /* PBXTargetDependency */,
			);
			name = marketaTests;
			productName = marketaTests;
			productReference = 433544DB27ACC7C0001BC56D /* marketaTests.xctest */;
			productType = "com.apple.product-type.bundle.unit-test";
		};
		433544E427ACC7C0001BC56D /* marketaUITests */ = {
			isa = PBXNativeTarget;
			buildConfigurationList = 433544F527ACC7C0001BC56D /* Build configuration list for PBXNativeTarget "marketaUITests" */;
			buildPhases = (
				433544E127ACC7C0001BC56D /* Sources */,
				433544E227ACC7C0001BC56D /* Frameworks */,
				433544E327ACC7C0001BC56D /* Resources */,
			);
			buildRules = (
			);
			dependencies = (
				433544E727ACC7C0001BC56D /* PBXTargetDependency */,
			);
			name = marketaUITests;
			productName = marketaUITests;
			productReference = 433544E527ACC7C0001BC56D /* marketaUITests.xctest */;
			productType = "com.apple.product-type.bundle.ui-testing";
		};
/* End PBXNativeTarget section */

/* Begin PBXProject section */
		433544BE27ACC7BE001BC56D /* Project object */ = {
			isa = PBXProject;
			attributes = {
				BuildIndependentTargetsInParallel = 1;
				LastSwiftUpdateCheck = 1320;
				LastUpgradeCheck = 1320;
				TargetAttributes = {
					433544C527ACC7BE001BC56D = {
						CreatedOnToolsVersion = 13.2.1;
					};
					433544DA27ACC7C0001BC56D = {
						CreatedOnToolsVersion = 13.2.1;
						TestTargetID = 433544C527ACC7BE001BC56D;
					};
					433544E427ACC7C0001BC56D = {
						CreatedOnToolsVersion = 13.2.1;
						TestTargetID = 433544C527ACC7BE001BC56D;
					};
				};
			};
			buildConfigurationList = 433544C127ACC7BE001BC56D /* Build configuration list for PBXProject "marketa" */;
			compatibilityVersion = "Xcode 13.0";
			developmentRegion = en;
			hasScannedForEncodings = 0;
			knownRegions = (
				en,
				Base,
			);
			mainGroup = 433544BD27ACC7BE001BC56D;
			productRefGroup = 433544C727ACC7BE001BC56D /* Products */;
			projectDirPath = "";
			projectRoot = "";
			targets = (
				433544C527ACC7BE001BC56D /* marketa */,
				433544DA27ACC7C0001BC56D /* marketaTests */,
				433544E427ACC7C0001BC56D /* marketaUITests */,
			);
		};
/* End PBXProject section */

/* Begin PBXResourcesBuildPhase section */
		433544C427ACC7BE001BC56D /* Resources */ = {
			isa = PBXResourcesBuildPhase;
			buildActionMask = 2147483647;
			files = (
				433544D127ACC7C0001BC56D /* Preview Assets.xcassets in Resources */,
				433544CE27ACC7C0001BC56D /* Assets.xcassets in Resources */,
			);
			runOnlyForDeploymentPostprocessing = 0;
		};
		433544D927ACC7C0001BC56D /* Resources */ = {
			isa = PBXResourcesBuildPhase;
			buildActionMask = 2147483647;
			files = (
			);
			runOnlyForDeploymentPostprocessing = 0;
		};
		433544E327ACC7C0001BC56D /* Resources */ = {
			isa = PBXResourcesBuildPhase;
			buildActionMask = 2147483647;
			files = (
			);
			runOnlyForDeploymentPostprocessing = 0;
		};
/* End PBXResourcesBuildPhase section */

/* Begin PBXSourcesBuildPhase section */
		433544C227ACC7BE001BC56D /* Sources */ = {
			isa = PBXSourcesBuildPhase;
			buildActionMask = 2147483647;
			files = (
				433544D327ACC7C0001BC56D /* Persistence.swift in Sources */,
				438FF02727C415BB003352F5 /* CoreDataStack.swift in Sources */,
				433544D627ACC7C0001BC56D /* marketa.xcdatamodeld in Sources */,
				4335451F27B237B7001BC56D /* DropdownView.swift in Sources */,
				438FF02A27C418DF003352F5 /* db_model_v1.xcdatamodeld in Sources */,
				438FF01B27C40CF2003352F5 /* Store.swift in Sources */,
				4335451D27ADD3F9001BC56D /* UIImage+Extensions.swift in Sources */,
				433544CC27ACC7BE001BC56D /* ContentView.swift in Sources */,
				4335451027AD0EF2001BC56D /* AssetCollectionDetailView.swift in Sources */,
				433544CA27ACC7BE001BC56D /* marketaApp.swift in Sources */,
				438FF01327C02BD6003352F5 /* APICall.swift in Sources */,
				438FF01927C40CDA003352F5 /* CancelBag.swift in Sources */,
				438FF01527C02DC9003352F5 /* NetworkingHelpers.swift in Sources */,
				438FF00F27C02B14003352F5 /* OpenSeaAssetsWebRepository.swift in Sources */,
				4335451327AD10B6001BC56D /* Font+Extensions.swift in Sources */,
				438FF00C27C0277D003352F5 /* Models.swift in Sources */,
				438FF02527C4159A003352F5 /* CoreDataHelpers.swift in Sources */,
				438FF01D27C40D44003352F5 /* LazyList.swift in Sources */,
				4335450E27ACCA6D001BC56D /* AssetCollectionView.swift in Sources */,
				438FF02C27C43228003352F5 /* Models+CoreData.swift in Sources */,
				438FF01727C40C4F003352F5 /* Loadable.swift in Sources */,
				438FF02027C4138F003352F5 /* OpenSeaAssetsInteractor.swift in Sources */,
				438FF02227C41503003352F5 /* OpenSeaAssetsDBRepository.swift in Sources */,
				4381D12827C8376B00BCA50F /* Helpers.swift in Sources */,
				4335451527ADB65C001BC56D /* AssetDetailView.swift in Sources */,
				438FF01127C02B66003352F5 /* WebRepository.swift in Sources */,
			);
			runOnlyForDeploymentPostprocessing = 0;
		};
		433544D727ACC7C0001BC56D /* Sources */ = {
			isa = PBXSourcesBuildPhase;
			buildActionMask = 2147483647;
			files = (
				433544E027ACC7C0001BC56D /* marketaTests.swift in Sources */,
			);
			runOnlyForDeploymentPostprocessing = 0;
		};
		433544E127ACC7C0001BC56D /* Sources */ = {
			isa = PBXSourcesBuildPhase;
			buildActionMask = 2147483647;
			files = (
				433544EC27ACC7C0001BC56D /* marketaUITestsLaunchTests.swift in Sources */,
				433544EA27ACC7C0001BC56D /* marketaUITests.swift in Sources */,
			);
			runOnlyForDeploymentPostprocessing = 0;
		};
/* End PBXSourcesBuildPhase section */

/* Begin PBXTargetDependency section */
		433544DD27ACC7C0001BC56D /* PBXTargetDependency */ = {
			isa = PBXTargetDependency;
			target = 433544C527ACC7BE001BC56D /* marketa */;
			targetProxy = 433544DC27ACC7C0001BC56D /* PBXContainerItemProxy */;
		};
		433544E727ACC7C0001BC56D /* PBXTargetDependency */ = {
			isa = PBXTargetDependency;
			target = 433544C527ACC7BE001BC56D /* marketa */;
			targetProxy = 433544E627ACC7C0001BC56D /* PBXContainerItemProxy */;
		};
/* End PBXTargetDependency section */

/* Begin XCBuildConfiguration section */
		433544ED27ACC7C0001BC56D /* Debug */ = {
			isa = XCBuildConfiguration;
			buildSettings = {
				ALWAYS_SEARCH_USER_PATHS = NO;
				CLANG_ANALYZER_NONNULL = YES;
				CLANG_ANALYZER_NUMBER_OBJECT_CONVERSION = YES_AGGRESSIVE;
				CLANG_CXX_LANGUAGE_STANDARD = "gnu++17";
				CLANG_CXX_LIBRARY = "libc++";
				CLANG_ENABLE_MODULES = YES;
				CLANG_ENABLE_OBJC_ARC = YES;
				CLANG_ENABLE_OBJC_WEAK = YES;
				CLANG_WARN_BLOCK_CAPTURE_AUTORELEASING = YES;
				CLANG_WARN_BOOL_CONVERSION = YES;
				CLANG_WARN_COMMA = YES;
				CLANG_WARN_CONSTANT_CONVERSION = YES;
				CLANG_WARN_DEPRECATED_OBJC_IMPLEMENTATIONS = YES;
				CLANG_WARN_DIRECT_OBJC_ISA_USAGE = YES_ERROR;
				CLANG_WARN_DOCUMENTATION_COMMENTS = YES;
				CLANG_WARN_EMPTY_BODY = YES;
				CLANG_WARN_ENUM_CONVERSION = YES;
				CLANG_WARN_INFINITE_RECURSION = YES;
				CLANG_WARN_INT_CONVERSION = YES;
				CLANG_WARN_NON_LITERAL_NULL_CONVERSION = YES;
				CLANG_WARN_OBJC_IMPLICIT_RETAIN_SELF = YES;
				CLANG_WARN_OBJC_LITERAL_CONVERSION = YES;
				CLANG_WARN_OBJC_ROOT_CLASS = YES_ERROR;
				CLANG_WARN_QUOTED_INCLUDE_IN_FRAMEWORK_HEADER = YES;
				CLANG_WARN_RANGE_LOOP_ANALYSIS = YES;
				CLANG_WARN_STRICT_PROTOTYPES = YES;
				CLANG_WARN_SUSPICIOUS_MOVE = YES;
				CLANG_WARN_UNGUARDED_AVAILABILITY = YES_AGGRESSIVE;
				CLANG_WARN_UNREACHABLE_CODE = YES;
				CLANG_WARN__DUPLICATE_METHOD_MATCH = YES;
				COPY_PHASE_STRIP = NO;
				DEBUG_INFORMATION_FORMAT = dwarf;
				ENABLE_STRICT_OBJC_MSGSEND = YES;
				ENABLE_TESTABILITY = YES;
				GCC_C_LANGUAGE_STANDARD = gnu11;
				GCC_DYNAMIC_NO_PIC = NO;
				GCC_NO_COMMON_BLOCKS = YES;
				GCC_OPTIMIZATION_LEVEL = 0;
				GCC_PREPROCESSOR_DEFINITIONS = (
					"DEBUG=1",
					"$(inherited)",
				);
				GCC_WARN_64_TO_32_BIT_CONVERSION = YES;
				GCC_WARN_ABOUT_RETURN_TYPE = YES_ERROR;
				GCC_WARN_UNDECLARED_SELECTOR = YES;
				GCC_WARN_UNINITIALIZED_AUTOS = YES_AGGRESSIVE;
				GCC_WARN_UNUSED_FUNCTION = YES;
				GCC_WARN_UNUSED_VARIABLE = YES;
				IPHONEOS_DEPLOYMENT_TARGET = 15.2;
				MTL_ENABLE_DEBUG_INFO = INCLUDE_SOURCE;
				MTL_FAST_MATH = YES;
				ONLY_ACTIVE_ARCH = YES;
				SDKROOT = iphoneos;
				SWIFT_ACTIVE_COMPILATION_CONDITIONS = DEBUG;
				SWIFT_OPTIMIZATION_LEVEL = "-Onone";
			};
			name = Debug;
		};
		433544EE27ACC7C0001BC56D /* Release */ = {
			isa = XCBuildConfiguration;
			buildSettings = {
				ALWAYS_SEARCH_USER_PATHS = NO;
				CLANG_ANALYZER_NONNULL = YES;
				CLANG_ANALYZER_NUMBER_OBJECT_CONVERSION = YES_AGGRESSIVE;
				CLANG_CXX_LANGUAGE_STANDARD = "gnu++17";
				CLANG_CXX_LIBRARY = "libc++";
				CLANG_ENABLE_MODULES = YES;
				CLANG_ENABLE_OBJC_ARC = YES;
				CLANG_ENABLE_OBJC_WEAK = YES;
				CLANG_WARN_BLOCK_CAPTURE_AUTORELEASING = YES;
				CLANG_WARN_BOOL_CONVERSION = YES;
				CLANG_WARN_COMMA = YES;
				CLANG_WARN_CONSTANT_CONVERSION = YES;
				CLANG_WARN_DEPRECATED_OBJC_IMPLEMENTATIONS = YES;
				CLANG_WARN_DIRECT_OBJC_ISA_USAGE = YES_ERROR;
				CLANG_WARN_DOCUMENTATION_COMMENTS = YES;
				CLANG_WARN_EMPTY_BODY = YES;
				CLANG_WARN_ENUM_CONVERSION = YES;
				CLANG_WARN_INFINITE_RECURSION = YES;
				CLANG_WARN_INT_CONVERSION = YES;
				CLANG_WARN_NON_LITERAL_NULL_CONVERSION = YES;
				CLANG_WARN_OBJC_IMPLICIT_RETAIN_SELF = YES;
				CLANG_WARN_OBJC_LITERAL_CONVERSION = YES;
				CLANG_WARN_OBJC_ROOT_CLASS = YES_ERROR;
				CLANG_WARN_QUOTED_INCLUDE_IN_FRAMEWORK_HEADER = YES;
				CLANG_WARN_RANGE_LOOP_ANALYSIS = YES;
				CLANG_WARN_STRICT_PROTOTYPES = YES;
				CLANG_WARN_SUSPICIOUS_MOVE = YES;
				CLANG_WARN_UNGUARDED_AVAILABILITY = YES_AGGRESSIVE;
				CLANG_WARN_UNREACHABLE_CODE = YES;
				CLANG_WARN__DUPLICATE_METHOD_MATCH = YES;
				COPY_PHASE_STRIP = NO;
				DEBUG_INFORMATION_FORMAT = "dwarf-with-dsym";
				ENABLE_NS_ASSERTIONS = NO;
				ENABLE_STRICT_OBJC_MSGSEND = YES;
				GCC_C_LANGUAGE_STANDARD = gnu11;
				GCC_NO_COMMON_BLOCKS = YES;
				GCC_WARN_64_TO_32_BIT_CONVERSION = YES;
				GCC_WARN_ABOUT_RETURN_TYPE = YES_ERROR;
				GCC_WARN_UNDECLARED_SELECTOR = YES;
				GCC_WARN_UNINITIALIZED_AUTOS = YES_AGGRESSIVE;
				GCC_WARN_UNUSED_FUNCTION = YES;
				GCC_WARN_UNUSED_VARIABLE = YES;
				IPHONEOS_DEPLOYMENT_TARGET = 15.2;
				MTL_ENABLE_DEBUG_INFO = NO;
				MTL_FAST_MATH = YES;
				SDKROOT = iphoneos;
				SWIFT_COMPILATION_MODE = wholemodule;
				SWIFT_OPTIMIZATION_LEVEL = "-O";
				VALIDATE_PRODUCT = YES;
			};
			name = Release;
		};
		433544F027ACC7C0001BC56D /* Debug */ = {
			isa = XCBuildConfiguration;
			buildSettings = {
				ASSETCATALOG_COMPILER_APPICON_NAME = AppIcon;
				ASSETCATALOG_COMPILER_GLOBAL_ACCENT_COLOR_NAME = AccentColor;
				CODE_SIGN_STYLE = Automatic;
				CURRENT_PROJECT_VERSION = 1;
				DEVELOPMENT_ASSET_PATHS = "\"marketa/Preview Content\"";
				DEVELOPMENT_TEAM = D593847M3E;
				ENABLE_PREVIEWS = YES;
				GENERATE_INFOPLIST_FILE = YES;
				INFOPLIST_KEY_UIApplicationSceneManifest_Generation = YES;
				INFOPLIST_KEY_UIApplicationSupportsIndirectInputEvents = YES;
				INFOPLIST_KEY_UILaunchScreen_Generation = YES;
				INFOPLIST_KEY_UISupportedInterfaceOrientations_iPad = "UIInterfaceOrientationPortrait UIInterfaceOrientationPortraitUpsideDown UIInterfaceOrientationLandscapeLeft UIInterfaceOrientationLandscapeRight";
				INFOPLIST_KEY_UISupportedInterfaceOrientations_iPhone = "UIInterfaceOrientationPortrait UIInterfaceOrientationLandscapeLeft UIInterfaceOrientationLandscapeRight";
				LD_RUNPATH_SEARCH_PATHS = (
					"$(inherited)",
					"@executable_path/Frameworks",
				);
				MARKETING_VERSION = 1.0;
				PRODUCT_BUNDLE_IDENTIFIER = com.hprieto.marketa;
				PRODUCT_NAME = "$(TARGET_NAME)";
				SWIFT_EMIT_LOC_STRINGS = YES;
				SWIFT_VERSION = 5.0;
				TARGETED_DEVICE_FAMILY = "1,2";
			};
			name = Debug;
		};
		433544F127ACC7C0001BC56D /* Release */ = {
			isa = XCBuildConfiguration;
			buildSettings = {
				ASSETCATALOG_COMPILER_APPICON_NAME = AppIcon;
				ASSETCATALOG_COMPILER_GLOBAL_ACCENT_COLOR_NAME = AccentColor;
				CODE_SIGN_STYLE = Automatic;
				CURRENT_PROJECT_VERSION = 1;
				DEVELOPMENT_ASSET_PATHS = "\"marketa/Preview Content\"";
				DEVELOPMENT_TEAM = D593847M3E;
				ENABLE_PREVIEWS = YES;
				GENERATE_INFOPLIST_FILE = YES;
				INFOPLIST_KEY_UIApplicationSceneManifest_Generation = YES;
				INFOPLIST_KEY_UIApplicationSupportsIndirectInputEvents = YES;
				INFOPLIST_KEY_UILaunchScreen_Generation = YES;
				INFOPLIST_KEY_UISupportedInterfaceOrientations_iPad = "UIInterfaceOrientationPortrait UIInterfaceOrientationPortraitUpsideDown UIInterfaceOrientationLandscapeLeft UIInterfaceOrientationLandscapeRight";
				INFOPLIST_KEY_UISupportedInterfaceOrientations_iPhone = "UIInterfaceOrientationPortrait UIInterfaceOrientationLandscapeLeft UIInterfaceOrientationLandscapeRight";
				LD_RUNPATH_SEARCH_PATHS = (
					"$(inherited)",
					"@executable_path/Frameworks",
				);
				MARKETING_VERSION = 1.0;
				PRODUCT_BUNDLE_IDENTIFIER = com.hprieto.marketa;
				PRODUCT_NAME = "$(TARGET_NAME)";
				SWIFT_EMIT_LOC_STRINGS = YES;
				SWIFT_VERSION = 5.0;
				TARGETED_DEVICE_FAMILY = "1,2";
			};
			name = Release;
		};
		433544F327ACC7C0001BC56D /* Debug */ = {
			isa = XCBuildConfiguration;
			buildSettings = {
				ALWAYS_EMBED_SWIFT_STANDARD_LIBRARIES = YES;
				BUNDLE_LOADER = "$(TEST_HOST)";
				CODE_SIGN_STYLE = Automatic;
				CURRENT_PROJECT_VERSION = 1;
				DEVELOPMENT_TEAM = D593847M3E;
				GENERATE_INFOPLIST_FILE = YES;
				IPHONEOS_DEPLOYMENT_TARGET = 15.2;
				MARKETING_VERSION = 1.0;
				PRODUCT_BUNDLE_IDENTIFIER = com.hprieto.marketaTests;
				PRODUCT_NAME = "$(TARGET_NAME)";
				SWIFT_EMIT_LOC_STRINGS = NO;
				SWIFT_VERSION = 5.0;
				TARGETED_DEVICE_FAMILY = "1,2";
				TEST_HOST = "$(BUILT_PRODUCTS_DIR)/marketa.app/marketa";
			};
			name = Debug;
		};
		433544F427ACC7C0001BC56D /* Release */ = {
			isa = XCBuildConfiguration;
			buildSettings = {
				ALWAYS_EMBED_SWIFT_STANDARD_LIBRARIES = YES;
				BUNDLE_LOADER = "$(TEST_HOST)";
				CODE_SIGN_STYLE = Automatic;
				CURRENT_PROJECT_VERSION = 1;
				DEVELOPMENT_TEAM = D593847M3E;
				GENERATE_INFOPLIST_FILE = YES;
				IPHONEOS_DEPLOYMENT_TARGET = 15.2;
				MARKETING_VERSION = 1.0;
				PRODUCT_BUNDLE_IDENTIFIER = com.hprieto.marketaTests;
				PRODUCT_NAME = "$(TARGET_NAME)";
				SWIFT_EMIT_LOC_STRINGS = NO;
				SWIFT_VERSION = 5.0;
				TARGETED_DEVICE_FAMILY = "1,2";
				TEST_HOST = "$(BUILT_PRODUCTS_DIR)/marketa.app/marketa";
			};
			name = Release;
		};
		433544F627ACC7C0001BC56D /* Debug */ = {
			isa = XCBuildConfiguration;
			buildSettings = {
				ALWAYS_EMBED_SWIFT_STANDARD_LIBRARIES = YES;
				CODE_SIGN_STYLE = Automatic;
				CURRENT_PROJECT_VERSION = 1;
				DEVELOPMENT_TEAM = D593847M3E;
				GENERATE_INFOPLIST_FILE = YES;
				MARKETING_VERSION = 1.0;
				PRODUCT_BUNDLE_IDENTIFIER = com.hprieto.marketaUITests;
				PRODUCT_NAME = "$(TARGET_NAME)";
				SWIFT_EMIT_LOC_STRINGS = NO;
				SWIFT_VERSION = 5.0;
				TARGETED_DEVICE_FAMILY = "1,2";
				TEST_TARGET_NAME = marketa;
			};
			name = Debug;
		};
		433544F727ACC7C0001BC56D /* Release */ = {
			isa = XCBuildConfiguration;
			buildSettings = {
				ALWAYS_EMBED_SWIFT_STANDARD_LIBRARIES = YES;
				CODE_SIGN_STYLE = Automatic;
				CURRENT_PROJECT_VERSION = 1;
				DEVELOPMENT_TEAM = D593847M3E;
				GENERATE_INFOPLIST_FILE = YES;
				MARKETING_VERSION = 1.0;
				PRODUCT_BUNDLE_IDENTIFIER = com.hprieto.marketaUITests;
				PRODUCT_NAME = "$(TARGET_NAME)";
				SWIFT_EMIT_LOC_STRINGS = NO;
				SWIFT_VERSION = 5.0;
				TARGETED_DEVICE_FAMILY = "1,2";
				TEST_TARGET_NAME = marketa;
			};
			name = Release;
		};
/* End XCBuildConfiguration section */

/* Begin XCConfigurationList section */
		433544C127ACC7BE001BC56D /* Build configuration list for PBXProject "marketa" */ = {
			isa = XCConfigurationList;
			buildConfigurations = (
				433544ED27ACC7C0001BC56D /* Debug */,
				433544EE27ACC7C0001BC56D /* Release */,
			);
			defaultConfigurationIsVisible = 0;
			defaultConfigurationName = Release;
		};
		433544EF27ACC7C0001BC56D /* Build configuration list for PBXNativeTarget "marketa" */ = {
			isa = XCConfigurationList;
			buildConfigurations = (
				433544F027ACC7C0001BC56D /* Debug */,
				433544F127ACC7C0001BC56D /* Release */,
			);
			defaultConfigurationIsVisible = 0;
			defaultConfigurationName = Release;
		};
		433544F227ACC7C0001BC56D /* Build configuration list for PBXNativeTarget "marketaTests" */ = {
			isa = XCConfigurationList;
			buildConfigurations = (
				433544F327ACC7C0001BC56D /* Debug */,
				433544F427ACC7C0001BC56D /* Release */,
			);
			defaultConfigurationIsVisible = 0;
			defaultConfigurationName = Release;
		};
		433544F527ACC7C0001BC56D /* Build configuration list for PBXNativeTarget "marketaUITests" */ = {
			isa = XCConfigurationList;
			buildConfigurations = (
				433544F627ACC7C0001BC56D /* Debug */,
				433544F727ACC7C0001BC56D /* Release */,
			);
			defaultConfigurationIsVisible = 0;
			defaultConfigurationName = Release;
		};
/* End XCConfigurationList section */

/* Begin XCVersionGroup section */
		433544D427ACC7C0001BC56D /* marketa.xcdatamodeld */ = {
			isa = XCVersionGroup;
			children = (
				433544D527ACC7C0001BC56D /* marketa.xcdatamodel */,
			);
			currentVersion = 433544D527ACC7C0001BC56D /* marketa.xcdatamodel */;
			path = marketa.xcdatamodeld;
			sourceTree = "<group>";
			versionGroupType = wrapper.xcdatamodel;
		};
		438FF02827C418DF003352F5 /* db_model_v1.xcdatamodeld */ = {
			isa = XCVersionGroup;
			children = (
				438FF02927C418DF003352F5 /* db_model_v1.xcdatamodel */,
			);
			currentVersion = 438FF02927C418DF003352F5 /* db_model_v1.xcdatamodel */;
			path = db_model_v1.xcdatamodeld;
			sourceTree = "<group>";
			versionGroupType = wrapper.xcdatamodel;
		};
/* End XCVersionGroup section */
	};
	rootObject = 433544BE27ACC7BE001BC56D /* Project object */;
}
